
Microsoft Visual Studio Solution File, Format Version 12.00
# Visual Studio 15
VisualStudioVersion = 15.0.26430.16
MinimumVisualStudioVersion = 10.0.40219.1
Project("{FAE04EC0-301F-11D3-BF4B-00C04F79EFBC}") = "Day3_MyGit", "Day3_MyGit\Day3_MyGit.csproj", "{1AA5F0D2-31D8-4951-81D3-68053CF51835}"
EndProject
Project("{FAE04EC0-301F-11D3-BF4B-00C04F79EFBC}") = "Day3_MyGit.Tests", "Day3_MyGit.Tests\Day3_MyGit.Tests.csproj", "{A223DB43-EA14-45E1-B1BC-E25EC03DE127}"
EndProject
Global
	GlobalSection(SolutionConfigurationPlatforms) = preSolution
		Debug|Any CPU = Debug|Any CPU
		Release|Any CPU = Release|Any CPU
	EndGlobalSection
	GlobalSection(ProjectConfigurationPlatforms) = postSolution
		{1AA5F0D2-31D8-4951-81D3-68053CF51835}.Debug|Any CPU.ActiveCfg = Debug|Any CPU
		{1AA5F0D2-31D8-4951-81D3-68053CF51835}.Debug|Any CPU.Build.0 = Debug|Any CPU
		{1AA5F0D2-31D8-4951-81D3-68053CF51835}.Release|Any CPU.ActiveCfg = Release|Any CPU
		{1AA5F0D2-31D8-4951-81D3-68053CF51835}.Release|Any CPU.Build.0 = Release|Any CPU
		{A223DB43-EA14-45E1-B1BC-E25EC03DE127}.Debug|Any CPU.ActiveCfg = Debug|Any CPU
		{A223DB43-EA14-45E1-B1BC-E25EC03DE127}.Debug|Any CPU.Build.0 = Debug|Any CPU
		{A223DB43-EA14-45E1-B1BC-E25EC03DE127}.Release|Any CPU.ActiveCfg = Release|Any CPU
		{A223DB43-EA14-45E1-B1BC-E25EC03DE127}.Release|Any CPU.Build.0 = Release|Any CPU
	EndGlobalSection
	GlobalSection(SolutionProperties) = preSolution
		HideSolutionNode = FALSE
	EndGlobalSection
EndGlobal
